Microsoft Visual Studio Solution File, Format Version 11.00
# Visual C# Express 2010
Project("{FAE04EC0-301F-11D3-BF4B-00C04F79EFBC}") = "assimgview", "assimgview\assimgview.csproj", "{237A12F4-3DAB-4450-BE4A-FF9100692395}"
EndProject
Project("{FAE04EC0-301F-11D3-BF4B-00C04F79EFBC}") = "hdma2ass", "hdma2ass\hdma2ass.csproj", "{10EF6588-BFDF-4676-BDF0-57FE26BA5E92}"
EndProject
Project("{FAE04EC0-301F-11D3-BF4B-00C04F79EFBC}") = "img2ass", "img2ass\img2ass.csproj", "{30FCC836-3263-4E27-9196-5254249F780B}"
EndProject
Project("{FAE04EC0-301F-11D3-BF4B-00C04F79EFBC}") = "tiled2ass", "tiled2ass\tiled2ass.csproj", "{5F938319-A404-42FD-BF49-EE906FB7FA5D}"
EndProject
Project("{FAE04EC0-301F-11D3-BF4B-00C04F79EFBC}") = "assfix", "assfix\assfix.csproj", "{31AB84A3-14E2-4C2C-8F8E-E9AFEE930573}"
EndProject
Global
	GlobalSection(SolutionConfigurationPlatforms) = preSolution
		Debug|x86 = Debug|x86
		Release|x86 = Release|x86
	EndGlobalSection
	GlobalSection(ProjectConfigurationPlatforms) = postSolution
		{237A12F4-3DAB-4450-BE4A-FF9100692395}.Debug|x86.ActiveCfg = Debug|x86
		{237A12F4-3DAB-4450-BE4A-FF9100692395}.Debug|x86.Build.0 = Debug|x86
		{237A12F4-3DAB-4450-BE4A-FF9100692395}.Release|x86.ActiveCfg = Release|x86
		{237A12F4-3DAB-4450-BE4A-FF9100692395}.Release|x86.Build.0 = Release|x86
		{10EF6588-BFDF-4676-BDF0-57FE26BA5E92}.Debug|x86.ActiveCfg = Debug|x86
		{10EF6588-BFDF-4676-BDF0-57FE26BA5E92}.Debug|x86.Build.0 = Debug|x86
		{10EF6588-BFDF-4676-BDF0-57FE26BA5E92}.Release|x86.ActiveCfg = Release|x86
		{10EF6588-BFDF-4676-BDF0-57FE26BA5E92}.Release|x86.Build.0 = Release|x86
		{30FCC836-3263-4E27-9196-5254249F780B}.Debug|x86.ActiveCfg = Debug|x86
		{30FCC836-3263-4E27-9196-5254249F780B}.Debug|x86.Build.0 = Debug|x86
		{30FCC836-3263-4E27-9196-5254249F780B}.Release|x86.ActiveCfg = Release|x86
		{30FCC836-3263-4E27-9196-5254249F780B}.Release|x86.Build.0 = Release|x86
		{5F938319-A404-42FD-BF49-EE906FB7FA5D}.Debug|x86.ActiveCfg = Debug|x86
		{5F938319-A404-42FD-BF49-EE906FB7FA5D}.Debug|x86.Build.0 = Debug|x86
		{5F938319-A404-42FD-BF49-EE906FB7FA5D}.Release|x86.ActiveCfg = Release|x86
		{5F938319-A404-42FD-BF49-EE906FB7FA5D}.Release|x86.Build.0 = Release|x86
		{31AB84A3-14E2-4C2C-8F8E-E9AFEE930573}.Debug|x86.ActiveCfg = Debug|x86
		{31AB84A3-14E2-4C2C-8F8E-E9AFEE930573}.Debug|x86.Build.0 = Debug|x86
		{31AB84A3-14E2-4C2C-8F8E-E9AFEE930573}.Release|x86.ActiveCfg = Release|x86
		{31AB84A3-14E2-4C2C-8F8E-E9AFEE930573}.Release|x86.Build.0 = Release|x86
	EndGlobalSection
	GlobalSection(SolutionProperties) = preSolution
		HideSolutionNode = FALSE
	EndGlobalSection
EndGlobal
